
Microsoft Visual Studio Solution File, Format Version 12.00
# Visual Studio Version 17
VisualStudioVersion = 17.10.35201.131
MinimumVisualStudioVersion = 10.0.40219.1
Project("{2150E333-8FDC-42A3-9474-1A3956D46DE8}") = "Services", "Services", "{F34302EE-163F-4AC2-B729-960CCC8E7258}"
EndProject
Project("{2150E333-8FDC-42A3-9474-1A3956D46DE8}") = "Event", "Event", "{1AF9CDE7-FC43-49FE-9031-F56EEC1DC3D9}"
EndProject
Project("{2150E333-8FDC-42A3-9474-1A3956D46DE8}") = "BuildingBlocks", "BuildingBlocks", "{3E387C30-EA0F-4C39-9015-E5F6C786D869}"
EndProject
Project("{9A19103F-16F7-4668-BE54-9A1E7A4F7556}") = "BuildingBlocks", "BuildingBlocks\BuildingBlocks\BuildingBlocks.csproj", "{EA9DA53F-FFFA-4F48-BD29-4FEA98E741C4}"
EndProject
Project("{E53339B2-1760-4266-BCC7-CA923CBCF16C}") = "docker-compose", "docker-compose.dcproj", "{1DE7DE2E-7650-4A3B-B289-25DE66A130CF}"
EndProject
Project("{2150E333-8FDC-42A3-9474-1A3956D46DE8}") = "Booking", "Booking", "{461CF5B4-1C26-4652-BBC6-536983440FB9}"
EndProject
Project("{2150E333-8FDC-42A3-9474-1A3956D46DE8}") = "Notification", "Notification", "{715E9E1F-18EF-4D11-ACF3-4671320848F6}"
EndProject
Project("{2150E333-8FDC-42A3-9474-1A3956D46DE8}") = "Payment", "Payment", "{4FD8129C-AB87-4314-9C64-4D1A3A6A7E7E}"
EndProject
Project("{2150E333-8FDC-42A3-9474-1A3956D46DE8}") = "Discount", "Discount", "{B7F42A5F-366E-4055-8EB6-271CFF52382D}"
EndProject
Project("{2150E333-8FDC-42A3-9474-1A3956D46DE8}") = "WebApps", "WebApps", "{3A5E04EE-B015-4D49-9FD1-45B50A81DC03}"
EndProject
Project("{54A90642-561A-4BB1-A94E-469ADEE60C69}") = "Eventbooking.Web", "WebApps\EventBooking.Web\Eventbooking.Web.esproj", "{1D6C993B-45BB-43EA-ABF6-8D445C2E6012}"
EndProject
Project("{9A19103F-16F7-4668-BE54-9A1E7A4F7556}") = "EventBooking.Event", "Services\Event\EventBooking.Event\EventBooking.Event.csproj", "{77FA42E5-14D9-4F7D-9F2B-ACD70B7ABF2C}"
EndProject
Project("{9A19103F-16F7-4668-BE54-9A1E7A4F7556}") = "EventBooking.Booking", "Services\Booking\EventBooking.Booking\EventBooking.Booking.csproj", "{40AE4DD7-F531-4A1D-ADF4-CB7A14BE4D9B}"
EndProject
Project("{2150E333-8FDC-42A3-9474-1A3956D46DE8}") = "Basket", "Basket", "{6657E57F-5AEA-4E4D-9F2B-C45E61A904D2}"
EndProject
Project("{9A19103F-16F7-4668-BE54-9A1E7A4F7556}") = "EventBooking.Basket", "Services\Basket\EventBooking.Basket\EventBooking.Basket.csproj", "{324C701A-F38E-460E-B3C2-450B2B623B1A}"
EndProject
Project("{FAE04EC0-301F-11D3-BF4B-00C04F79EFBC}") = "EventBooking.Discount", "Services\Discount\EventBooking.Discount\EventBooking.Discount.csproj", "{AEA62F98-2C11-4C5E-8568-2CF496990BD1}"
EndProject
Global
	GlobalSection(SolutionConfigurationPlatforms) = preSolution
		Debug|Any CPU = Debug|Any CPU
		Release|Any CPU = Release|Any CPU
	EndGlobalSection
	GlobalSection(ProjectConfigurationPlatforms) = postSolution
		{EA9DA53F-FFFA-4F48-BD29-4FEA98E741C4}.Debug|Any CPU.ActiveCfg = Debug|Any CPU
		{EA9DA53F-FFFA-4F48-BD29-4FEA98E741C4}.Debug|Any CPU.Build.0 = Debug|Any CPU
		{EA9DA53F-FFFA-4F48-BD29-4FEA98E741C4}.Release|Any CPU.ActiveCfg = Release|Any CPU
		{EA9DA53F-FFFA-4F48-BD29-4FEA98E741C4}.Release|Any CPU.Build.0 = Release|Any CPU
		{1DE7DE2E-7650-4A3B-B289-25DE66A130CF}.Debug|Any CPU.ActiveCfg = Debug|Any CPU
		{1DE7DE2E-7650-4A3B-B289-25DE66A130CF}.Debug|Any CPU.Build.0 = Debug|Any CPU
		{1DE7DE2E-7650-4A3B-B289-25DE66A130CF}.Release|Any CPU.ActiveCfg = Release|Any CPU
		{1DE7DE2E-7650-4A3B-B289-25DE66A130CF}.Release|Any CPU.Build.0 = Release|Any CPU
		{1D6C993B-45BB-43EA-ABF6-8D445C2E6012}.Debug|Any CPU.ActiveCfg = Debug|Any CPU
		{1D6C993B-45BB-43EA-ABF6-8D445C2E6012}.Debug|Any CPU.Build.0 = Debug|Any CPU
		{1D6C993B-45BB-43EA-ABF6-8D445C2E6012}.Debug|Any CPU.Deploy.0 = Debug|Any CPU
		{1D6C993B-45BB-43EA-ABF6-8D445C2E6012}.Release|Any CPU.ActiveCfg = Release|Any CPU
		{1D6C993B-45BB-43EA-ABF6-8D445C2E6012}.Release|Any CPU.Build.0 = Release|Any CPU
		{1D6C993B-45BB-43EA-ABF6-8D445C2E6012}.Release|Any CPU.Deploy.0 = Release|Any CPU
		{77FA42E5-14D9-4F7D-9F2B-ACD70B7ABF2C}.Debug|Any CPU.ActiveCfg = Debug|Any CPU
		{77FA42E5-14D9-4F7D-9F2B-ACD70B7ABF2C}.Debug|Any CPU.Build.0 = Debug|Any CPU
		{77FA42E5-14D9-4F7D-9F2B-ACD70B7ABF2C}.Release|Any CPU.ActiveCfg = Release|Any CPU
		{77FA42E5-14D9-4F7D-9F2B-ACD70B7ABF2C}.Release|Any CPU.Build.0 = Release|Any CPU
		{40AE4DD7-F531-4A1D-ADF4-CB7A14BE4D9B}.Debug|Any CPU.ActiveCfg = Debug|Any CPU
		{40AE4DD7-F531-4A1D-ADF4-CB7A14BE4D9B}.Debug|Any CPU.Build.0 = Debug|Any CPU
		{40AE4DD7-F531-4A1D-ADF4-CB7A14BE4D9B}.Release|Any CPU.ActiveCfg = Release|Any CPU
		{40AE4DD7-F531-4A1D-ADF4-CB7A14BE4D9B}.Release|Any CPU.Build.0 = Release|Any CPU
		{324C701A-F38E-460E-B3C2-450B2B623B1A}.Debug|Any CPU.ActiveCfg = Debug|Any CPU
		{324C701A-F38E-460E-B3C2-450B2B623B1A}.Debug|Any CPU.Build.0 = Debug|Any CPU
		{324C701A-F38E-460E-B3C2-450B2B623B1A}.Release|Any CPU.ActiveCfg = Release|Any CPU
		{324C701A-F38E-460E-B3C2-450B2B623B1A}.Release|Any CPU.Build.0 = Release|Any CPU
		{AEA62F98-2C11-4C5E-8568-2CF496990BD1}.Debug|Any CPU.ActiveCfg = Debug|Any CPU
		{AEA62F98-2C11-4C5E-8568-2CF496990BD1}.Debug|Any CPU.Build.0 = Debug|Any CPU
		{AEA62F98-2C11-4C5E-8568-2CF496990BD1}.Release|Any CPU.ActiveCfg = Release|Any CPU
		{AEA62F98-2C11-4C5E-8568-2CF496990BD1}.Release|Any CPU.Build.0 = Release|Any CPU
	EndGlobalSection
	GlobalSection(SolutionProperties) = preSolution
		HideSolutionNode = FALSE
	EndGlobalSection
	GlobalSection(NestedProjects) = preSolution
		{1AF9CDE7-FC43-49FE-9031-F56EEC1DC3D9} = {F34302EE-163F-4AC2-B729-960CCC8E7258}
		{EA9DA53F-FFFA-4F48-BD29-4FEA98E741C4} = {3E387C30-EA0F-4C39-9015-E5F6C786D869}
		{461CF5B4-1C26-4652-BBC6-536983440FB9} = {F34302EE-163F-4AC2-B729-960CCC8E7258}
		{715E9E1F-18EF-4D11-ACF3-4671320848F6} = {F34302EE-163F-4AC2-B729-960CCC8E7258}
		{4FD8129C-AB87-4314-9C64-4D1A3A6A7E7E} = {F34302EE-163F-4AC2-B729-960CCC8E7258}
		{B7F42A5F-366E-4055-8EB6-271CFF52382D} = {F34302EE-163F-4AC2-B729-960CCC8E7258}
		{1D6C993B-45BB-43EA-ABF6-8D445C2E6012} = {3A5E04EE-B015-4D49-9FD1-45B50A81DC03}
		{77FA42E5-14D9-4F7D-9F2B-ACD70B7ABF2C} = {1AF9CDE7-FC43-49FE-9031-F56EEC1DC3D9}
		{40AE4DD7-F531-4A1D-ADF4-CB7A14BE4D9B} = {461CF5B4-1C26-4652-BBC6-536983440FB9}
		{6657E57F-5AEA-4E4D-9F2B-C45E61A904D2} = {F34302EE-163F-4AC2-B729-960CCC8E7258}
		{324C701A-F38E-460E-B3C2-450B2B623B1A} = {6657E57F-5AEA-4E4D-9F2B-C45E61A904D2}
		{AEA62F98-2C11-4C5E-8568-2CF496990BD1} = {B7F42A5F-366E-4055-8EB6-271CFF52382D}
	EndGlobalSection
	GlobalSection(ExtensibilityGlobals) = postSolution
		SolutionGuid = {4760481A-0EA1-4A3E-B920-13764682225D}
	EndGlobalSection
EndGlobal
